
Microsoft Visual Studio Solution File, Format Version 12.00
# Visual Studio Version 17
VisualStudioVersion = 17.1.32328.378
MinimumVisualStudioVersion = 10.0.40219.1
Project("{9A19103F-16F7-4668-BE54-9A1E7A4F7556}") = "ControleLeitura2", "ControleLeitura2\ControleLeitura2.csproj", "{1479441D-3B27-4E86-9A48-545E47886AAB}"
EndProject
Global
	GlobalSection(SolutionConfigurationPlatforms) = preSolution
		Debug|Any CPU = Debug|Any CPU
		Release|Any CPU = Release|Any CPU
	EndGlobalSection
	GlobalSection(ProjectConfigurationPlatforms) = postSolution
		{1479441D-3B27-4E86-9A48-545E47886AAB}.Debug|Any CPU.ActiveCfg = Debug|Any CPU
		{1479441D-3B27-4E86-9A48-545E47886AAB}.Debug|Any CPU.Build.0 = Debug|Any CPU
		{1479441D-3B27-4E86-9A48-545E47886AAB}.Release|Any CPU.ActiveCfg = Release|Any CPU
		{1479441D-3B27-4E86-9A48-545E47886AAB}.Release|Any CPU.Build.0 = Release|Any CPU
	EndGlobalSection
	GlobalSection(SolutionProperties) = preSolution
		HideSolutionNode = FALSE
	EndGlobalSection
	GlobalSection(ExtensibilityGlobals) = postSolution
		SolutionGuid = {83F37CE1-EFF4-47F7-94CE-EB05B5C5E1F4}
	EndGlobalSection
EndGlobal
